
Microsoft Visual Studio Solution File, Format Version 12.00
# Visual Studio Version 17
VisualStudioVersion = 17.4.33122.133
MinimumVisualStudioVersion = 10.0.40219.1
Project("{2150E333-8FDC-42A3-9474-1A3956D46DE8}") = "Source", "Source", "{15B61AA7-FB13-49AE-9BA0-727440B658B0}"
EndProject
Project("{FAE04EC0-301F-11D3-BF4B-00C04F79EFBC}") = "Appendb", "Source\Appendb\Appendb.csproj", "{152A8228-E68E-46AD-BAD5-32F16713A2C5}"
EndProject
Global
	GlobalSection(SolutionConfigurationPlatforms) = preSolution
		Debug|Any CPU = Debug|Any CPU
		Release|Any CPU = Release|Any CPU
	EndGlobalSection
	GlobalSection(ProjectConfigurationPlatforms) = postSolution
		{152A8228-E68E-46AD-BAD5-32F16713A2C5}.Debug|Any CPU.ActiveCfg = Debug|Any CPU
		{152A8228-E68E-46AD-BAD5-32F16713A2C5}.Debug|Any CPU.Build.0 = Debug|Any CPU
		{152A8228-E68E-46AD-BAD5-32F16713A2C5}.Release|Any CPU.ActiveCfg = Release|Any CPU
		{152A8228-E68E-46AD-BAD5-32F16713A2C5}.Release|Any CPU.Build.0 = Release|Any CPU
	EndGlobalSection
	GlobalSection(SolutionProperties) = preSolution
		HideSolutionNode = FALSE
	EndGlobalSection
	GlobalSection(NestedProjects) = preSolution
		{152A8228-E68E-46AD-BAD5-32F16713A2C5} = {15B61AA7-FB13-49AE-9BA0-727440B658B0}
	EndGlobalSection
	GlobalSection(ExtensibilityGlobals) = postSolution
		SolutionGuid = {100D116B-3E42-4477-A891-38A88CD769C4}
	EndGlobalSection
EndGlobal
